// !$*UTF8*$!
{
	archiveVersion = 1;
	classes = {
	};
	objectVersion = 46;
	objects = {

/* Begin PBXBuildFile section */
		14097E8B602A7A19D141B46E /* Pods_iOSPractice.framework in Frameworks */ = {isa = PBXBuildFile; fileRef = 04BA9FF63C41EC8C7CBBEF9D /* Pods_iOSPractice.framework */; };
		76627C1A79746B811C151D27 /* Pods_iOSPractice_iOSPracticeTests.framework in Frameworks */ = {isa = PBXBuildFile; fileRef = ECBB4AE9C694648426F51E44 /* Pods_iOSPractice_iOSPracticeTests.framework */; };
		8085ECDF1EE64AE100EAFCA4 /* AppDelegate.swift in Sources */ = {isa = PBXBuildFile; fileRef = 8085ECDE1EE64AE100EAFCA4 /* AppDelegate.swift */; };
		8085ECE41EE64AE100EAFCA4 /* Main.storyboard in Resources */ = {isa = PBXBuildFile; fileRef = 8085ECE21EE64AE100EAFCA4 /* Main.storyboard */; };
		8085ECE71EE64AE100EAFCA4 /* iOSPractice.xcdatamodeld in Sources */ = {isa = PBXBuildFile; fileRef = 8085ECE51EE64AE100EAFCA4 /* iOSPractice.xcdatamodeld */; };
		8085ECE91EE64AE100EAFCA4 /* Assets.xcassets in Resources */ = {isa = PBXBuildFile; fileRef = 8085ECE81EE64AE100EAFCA4 /* Assets.xcassets */; };
		8085ECEC1EE64AE100EAFCA4 /* LaunchScreen.storyboard in Resources */ = {isa = PBXBuildFile; fileRef = 8085ECEA1EE64AE100EAFCA4 /* LaunchScreen.storyboard */; };
		8085ED061EE6514A00EAFCA4 /* CoreDataConnect.swift in Sources */ = {isa = PBXBuildFile; fileRef = 8085ECFA1EE6514A00EAFCA4 /* CoreDataConnect.swift */; };
		8085ED071EE6514A00EAFCA4 /* DatabaseController.swift in Sources */ = {isa = PBXBuildFile; fileRef = 8085ECFB1EE6514A00EAFCA4 /* DatabaseController.swift */; };
		8085ED081EE6514A00EAFCA4 /* BorderLabel.swift in Sources */ = {isa = PBXBuildFile; fileRef = 8085ECFD1EE6514A00EAFCA4 /* BorderLabel.swift */; };
		8085ED091EE6514A00EAFCA4 /* BorderView.swift in Sources */ = {isa = PBXBuildFile; fileRef = 8085ECFE1EE6514A00EAFCA4 /* BorderView.swift */; };
		8085ED0A1EE6514A00EAFCA4 /* FlipImageView.swift in Sources */ = {isa = PBXBuildFile; fileRef = 8085ECFF1EE6514A00EAFCA4 /* FlipImageView.swift */; };
		8085ED0B1EE6514A00EAFCA4 /* UIColorExtension.swift in Sources */ = {isa = PBXBuildFile; fileRef = 8085ED011EE6514A00EAFCA4 /* UIColorExtension.swift */; };
		8085ED0C1EE6514A00EAFCA4 /* KYDrawerController.swift in Sources */ = {isa = PBXBuildFile; fileRef = 8085ED031EE6514A00EAFCA4 /* KYDrawerController.swift */; };
		8085ED0D1EE6514A00EAFCA4 /* KYEmbedDrawerControllerSegue.swift in Sources */ = {isa = PBXBuildFile; fileRef = 8085ED041EE6514A00EAFCA4 /* KYEmbedDrawerControllerSegue.swift */; };
		8085ED0E1EE6514A00EAFCA4 /* KYEmbedMainControllerSegue.swift in Sources */ = {isa = PBXBuildFile; fileRef = 8085ED051EE6514A00EAFCA4 /* KYEmbedMainControllerSegue.swift */; };
		8085ED101EE659A200EAFCA4 /* TheDrawerViewController.swift in Sources */ = {isa = PBXBuildFile; fileRef = 8085ED0F1EE659A200EAFCA4 /* TheDrawerViewController.swift */; };
		8085ED131EE659E500EAFCA4 /* TheMainViewController.swift in Sources */ = {isa = PBXBuildFile; fileRef = 8085ED121EE659E500EAFCA4 /* TheMainViewController.swift */; };
		8085ED151EE6831200EAFCA4 /* EnterViewController.swift in Sources */ = {isa = PBXBuildFile; fileRef = 8085ED141EE6831200EAFCA4 /* EnterViewController.swift */; };
		8085ED181EE6833800EAFCA4 /* NavigatorDrawer.storyboard in Resources */ = {isa = PBXBuildFile; fileRef = 8085ED161EE6833800EAFCA4 /* NavigatorDrawer.storyboard */; };
		8085ED1C1EE6A3C400EAFCA4 /* TestList.swift in Sources */ = {isa = PBXBuildFile; fileRef = 8085ED1B1EE6A3C400EAFCA4 /* TestList.swift */; };
		80A24E5C1EE6A440003B9AAF /* TestSampleData.swift in Sources */ = {isa = PBXBuildFile; fileRef = 80A24E5B1EE6A440003B9AAF /* TestSampleData.swift */; };
		80A24E5E1EE6A8F0003B9AAF /* StaggeredGridLayout.swift in Sources */ = {isa = PBXBuildFile; fileRef = 80A24E5D1EE6A8F0003B9AAF /* StaggeredGridLayout.swift */; };
		80A24E601EE6A9B7003B9AAF /* ContentWallViewController.swift in Sources */ = {isa = PBXBuildFile; fileRef = 80A24E5F1EE6A9B7003B9AAF /* ContentWallViewController.swift */; };
		80A24E621EE6AD8D003B9AAF /* TestContentDataController.swift in Sources */ = {isa = PBXBuildFile; fileRef = 80A24E611EE6AD8D003B9AAF /* TestContentDataController.swift */; };
		80A24E651EE6B04F003B9AAF /* ContentWall.storyboard in Resources */ = {isa = PBXBuildFile; fileRef = 80A24E631EE6B04F003B9AAF /* ContentWall.storyboard */; };
		80A24E671EE6B1CC003B9AAF /* ContentCell.swift in Sources */ = {isa = PBXBuildFile; fileRef = 80A24E661EE6B1CC003B9AAF /* ContentCell.swift */; };
		80A24ED11EE80ABC003B9AAF /* iOSPracticeTests.swift in Sources */ = {isa = PBXBuildFile; fileRef = 80A24ED01EE80ABC003B9AAF /* iOSPracticeTests.swift */; };
/* End PBXBuildFile section */

/* Begin PBXContainerItemProxy section */
		80A24ED31EE80ABC003B9AAF /* PBXContainerItemProxy */ = {
			isa = PBXContainerItemProxy;
			containerPortal = 8085ECD31EE64AE100EAFCA4 /* Project object */;
			proxyType = 1;
			remoteGlobalIDString = 8085ECDA1EE64AE100EAFCA4;
			remoteInfo = iOSPractice;
		};
/* End PBXContainerItemProxy section */

/* Begin PBXFileReference section */
		04BA9FF63C41EC8C7CBBEF9D /* Pods_iOSPractice.framework */ = {isa = PBXFileReference; explicitFileType = wrapper.framework; includeInIndex = 0; path = Pods_iOSPractice.framework; sourceTree = BUILT_PRODUCTS_DIR; };
		8085ECDB1EE64AE100EAFCA4 /* iOSPractice.app */ = {isa = PBXFileReference; explicitFileType = wrapper.application; includeInIndex = 0; path = iOSPractice.app; sourceTree = BUILT_PRODUCTS_DIR; };
		8085ECDE1EE64AE100EAFCA4 /* AppDelegate.swift */ = {isa = PBXFileReference; lastKnownFileType = sourcecode.swift; path = AppDelegate.swift; sourceTree = "<group>"; };
		8085ECE31EE64AE100EAFCA4 /* Base */ = {isa = PBXFileReference; lastKnownFileType = file.storyboard; name = Base; path = Base.lproj/Main.storyboard; sourceTree = "<group>"; };
		8085ECE61EE64AE100EAFCA4 /* iOSPractice.xcdatamodel */ = {isa = PBXFileReference; lastKnownFileType = wrapper.xcdatamodel; path = iOSPractice.xcdatamodel; sourceTree = "<group>"; };
		8085ECE81EE64AE100EAFCA4 /* Assets.xcassets */ = {isa = PBXFileReference; lastKnownFileType = folder.assetcatalog; path = Assets.xcassets; sourceTree = "<group>"; };
		8085ECEB1EE64AE100EAFCA4 /* Base */ = {isa = PBXFileReference; lastKnownFileType = file.storyboard; name = Base; path = Base.lproj/LaunchScreen.storyboard; sourceTree = "<group>"; };
		8085ECED1EE64AE100EAFCA4 /* Info.plist */ = {isa = PBXFileReference; lastKnownFileType = text.plist.xml; path = Info.plist; sourceTree = "<group>"; };
		8085ECFA1EE6514A00EAFCA4 /* CoreDataConnect.swift */ = {isa = PBXFileReference; fileEncoding = 4; lastKnownFileType = sourcecode.swift; path = CoreDataConnect.swift; sourceTree = "<group>"; };
		8085ECFB1EE6514A00EAFCA4 /* DatabaseController.swift */ = {isa = PBXFileReference; fileEncoding = 4; lastKnownFileType = sourcecode.swift; path = DatabaseController.swift; sourceTree = "<group>"; };
		8085ECFD1EE6514A00EAFCA4 /* BorderLabel.swift */ = {isa = PBXFileReference; fileEncoding = 4; lastKnownFileType = sourcecode.swift; path = BorderLabel.swift; sourceTree = "<group>"; };
		8085ECFE1EE6514A00EAFCA4 /* BorderView.swift */ = {isa = PBXFileReference; fileEncoding = 4; lastKnownFileType = sourcecode.swift; path = BorderView.swift; sourceTree = "<group>"; };
		8085ECFF1EE6514A00EAFCA4 /* FlipImageView.swift */ = {isa = PBXFileReference; fileEncoding = 4; lastKnownFileType = sourcecode.swift; path = FlipImageView.swift; sourceTree = "<group>"; };
		8085ED011EE6514A00EAFCA4 /* UIColorExtension.swift */ = {isa = PBXFileReference; fileEncoding = 4; lastKnownFileType = sourcecode.swift; path = UIColorExtension.swift; sourceTree = "<group>"; };
		8085ED031EE6514A00EAFCA4 /* KYDrawerController.swift */ = {isa = PBXFileReference; fileEncoding = 4; lastKnownFileType = sourcecode.swift; path = KYDrawerController.swift; sourceTree = "<group>"; };
		8085ED041EE6514A00EAFCA4 /* KYEmbedDrawerControllerSegue.swift */ = {isa = PBXFileReference; fileEncoding = 4; lastKnownFileType = sourcecode.swift; path = KYEmbedDrawerControllerSegue.swift; sourceTree = "<group>"; };
		8085ED051EE6514A00EAFCA4 /* KYEmbedMainControllerSegue.swift */ = {isa = PBXFileReference; fileEncoding = 4; lastKnownFileType = sourcecode.swift; path = KYEmbedMainControllerSegue.swift; sourceTree = "<group>"; };
		8085ED0F1EE659A200EAFCA4 /* TheDrawerViewController.swift */ = {isa = PBXFileReference; fileEncoding = 4; lastKnownFileType = sourcecode.swift; name = TheDrawerViewController.swift; path = Classes/TestDrawer/TheDrawerViewController.swift; sourceTree = "<group>"; };
		8085ED121EE659E500EAFCA4 /* TheMainViewController.swift */ = {isa = PBXFileReference; fileEncoding = 4; lastKnownFileType = sourcecode.swift; name = TheMainViewController.swift; path = Classes/TestDrawer/TheMainViewController.swift; sourceTree = "<group>"; };
		8085ED141EE6831200EAFCA4 /* EnterViewController.swift */ = {isa = PBXFileReference; fileEncoding = 4; lastKnownFileType = sourcecode.swift; name = EnterViewController.swift; path = Classes/EnterViewController.swift; sourceTree = "<group>"; };
		8085ED171EE6833800EAFCA4 /* Base */ = {isa = PBXFileReference; lastKnownFileType = file.storyboard; name = Base; path = Base.lproj/NavigatorDrawer.storyboard; sourceTree = "<group>"; };
		8085ED1B1EE6A3C400EAFCA4 /* TestList.swift */ = {isa = PBXFileReference; fileEncoding = 4; lastKnownFileType = sourcecode.swift; name = TestList.swift; path = Classes/TestList/TestList.swift; sourceTree = "<group>"; };
		80A24E5B1EE6A440003B9AAF /* TestSampleData.swift */ = {isa = PBXFileReference; fileEncoding = 4; lastKnownFileType = sourcecode.swift; name = TestSampleData.swift; path = Classes/TestList/TestSampleData.swift; sourceTree = "<group>"; };
		80A24E5D1EE6A8F0003B9AAF /* StaggeredGridLayout.swift */ = {isa = PBXFileReference; fileEncoding = 4; lastKnownFileType = sourcecode.swift; name = StaggeredGridLayout.swift; path = Classes/TestContentWall/StaggeredGridLayout.swift; sourceTree = "<group>"; };
		80A24E5F1EE6A9B7003B9AAF /* ContentWallViewController.swift */ = {isa = PBXFileReference; fileEncoding = 4; lastKnownFileType = sourcecode.swift; name = ContentWallViewController.swift; path = Classes/TestContentWall/ContentWallViewController.swift; sourceTree = "<group>"; };
		80A24E611EE6AD8D003B9AAF /* TestContentDataController.swift */ = {isa = PBXFileReference; fileEncoding = 4; lastKnownFileType = sourcecode.swift; name = TestContentDataController.swift; path = Classes/TestContentWall/TestContentDataController.swift; sourceTree = "<group>"; };
		80A24E641EE6B04F003B9AAF /* Base */ = {isa = PBXFileReference; lastKnownFileType = file.storyboard; name = Base; path = Base.lproj/ContentWall.storyboard; sourceTree = "<group>"; };
		80A24E661EE6B1CC003B9AAF /* ContentCell.swift */ = {isa = PBXFileReference; fileEncoding = 4; lastKnownFileType = sourcecode.swift; name = ContentCell.swift; path = Classes/TestContentWall/ContentCell.swift; sourceTree = "<group>"; };
		80A24ECE1EE80ABC003B9AAF /* iOSPracticeTests.xctest */ = {isa = PBXFileReference; explicitFileType = wrapper.cfbundle; includeInIndex = 0; path = iOSPracticeTests.xctest; sourceTree = BUILT_PRODUCTS_DIR; };
		80A24ED01EE80ABC003B9AAF /* iOSPracticeTests.swift */ = {isa = PBXFileReference; lastKnownFileType = sourcecode.swift; path = iOSPracticeTests.swift; sourceTree = "<group>"; };
		80A24ED21EE80ABC003B9AAF /* Info.plist */ = {isa = PBXFileReference; lastKnownFileType = text.plist.xml; path = Info.plist; sourceTree = "<group>"; };
		C00ADFFAD1AE0C9A4CB134FF /* Pods-iOSPractice.debug.xcconfig */ = {isa = PBXFileReference; includeInIndex = 1; lastKnownFileType = text.xcconfig; name = "Pods-iOSPractice.debug.xcconfig"; path = "Pods/Target Support Files/Pods-iOSPractice/Pods-iOSPractice.debug.xcconfig"; sourceTree = "<group>"; };
		C3E77B851D93C070354F4040 /* Pods-iOSPractice-iOSPracticeTests.debug.xcconfig */ = {isa = PBXFileReference; includeInIndex = 1; lastKnownFileType = text.xcconfig; name = "Pods-iOSPractice-iOSPracticeTests.debug.xcconfig"; path = "Pods/Target Support Files/Pods-iOSPractice-iOSPracticeTests/Pods-iOSPractice-iOSPracticeTests.debug.xcconfig"; sourceTree = "<group>"; };
		ECBB4AE9C694648426F51E44 /* Pods_iOSPractice_iOSPracticeTests.framework */ = {isa = PBXFileReference; explicitFileType = wrapper.framework; includeInIndex = 0; path = Pods_iOSPractice_iOSPracticeTests.framework; sourceTree = BUILT_PRODUCTS_DIR; };
		EE0179D2EE202540E16B0B52 /* Pods-iOSPractice-iOSPracticeTests.release.xcconfig */ = {isa = PBXFileReference; includeInIndex = 1; lastKnownFileType = text.xcconfig; name = "Pods-iOSPractice-iOSPracticeTests.release.xcconfig"; path = "Pods/Target Support Files/Pods-iOSPractice-iOSPracticeTests/Pods-iOSPractice-iOSPracticeTests.release.xcconfig"; sourceTree = "<group>"; };
		EEA9838E3FA29CF789AB74BA /* Pods-iOSPractice.release.xcconfig */ = {isa = PBXFileReference; includeInIndex = 1; lastKnownFileType = text.xcconfig; name = "Pods-iOSPractice.release.xcconfig"; path = "Pods/Target Support Files/Pods-iOSPractice/Pods-iOSPractice.release.xcconfig"; sourceTree = "<group>"; };
/* End PBXFileReference section */

/* Begin PBXFrameworksBuildPhase section */
		8085ECD81EE64AE100EAFCA4 /* Frameworks */ = {
			isa = PBXFrameworksBuildPhase;
			buildActionMask = 2147483647;
			files = (
				14097E8B602A7A19D141B46E /* Pods_iOSPractice.framework in Frameworks */,
			);
			runOnlyForDeploymentPostprocessing = 0;
		};
		80A24ECB1EE80ABC003B9AAF /* Frameworks */ = {
			isa = PBXFrameworksBuildPhase;
			buildActionMask = 2147483647;
			files = (
				76627C1A79746B811C151D27 /* Pods_iOSPractice_iOSPracticeTests.framework in Frameworks */,
			);
			runOnlyForDeploymentPostprocessing = 0;
		};
/* End PBXFrameworksBuildPhase section */

/* Begin PBXGroup section */
		8085ECD21EE64AE100EAFCA4 = {
			isa = PBXGroup;
			children = (
				8085ECDD1EE64AE100EAFCA4 /* iOSPractice */,
				80A24ECF1EE80ABC003B9AAF /* iOSPracticeTests */,
				8085ECDC1EE64AE100EAFCA4 /* Products */,
				CB0D05A9A7EEFE9B09A10E5E /* Pods */,
				DA28430D967D8CCB8172E7E1 /* Frameworks */,
			);
			sourceTree = "<group>";
		};
		8085ECDC1EE64AE100EAFCA4 /* Products */ = {
			isa = PBXGroup;
			children = (
				8085ECDB1EE64AE100EAFCA4 /* iOSPractice.app */,
				80A24ECE1EE80ABC003B9AAF /* iOSPracticeTests.xctest */,
			);
			name = Products;
			sourceTree = "<group>";
		};
		8085ECDD1EE64AE100EAFCA4 /* iOSPractice */ = {
			isa = PBXGroup;
			children = (
				8085ECDE1EE64AE100EAFCA4 /* AppDelegate.swift */,
				8085ECE51EE64AE100EAFCA4 /* iOSPractice.xcdatamodeld */,
				8085ECF41EE64BAA00EAFCA4 /* Assets */,
				8085ECF61EE64BC300EAFCA4 /* Classes */,
				8085ECF31EE64BA300EAFCA4 /* Storyboards */,
				8085ECF51EE64BB100EAFCA4 /* Support Files */,
			);
			path = iOSPractice;
			sourceTree = "<group>";
		};
		8085ECF31EE64BA300EAFCA4 /* Storyboards */ = {
			isa = PBXGroup;
			children = (
				80A24E631EE6B04F003B9AAF /* ContentWall.storyboard */,
				8085ECEA1EE64AE100EAFCA4 /* LaunchScreen.storyboard */,
				8085ECE21EE64AE100EAFCA4 /* Main.storyboard */,
				8085ED161EE6833800EAFCA4 /* NavigatorDrawer.storyboard */,
			);
			name = Storyboards;
			sourceTree = "<group>";
		};
		8085ECF41EE64BAA00EAFCA4 /* Assets */ = {
			isa = PBXGroup;
			children = (
				8085ECE81EE64AE100EAFCA4 /* Assets.xcassets */,
			);
			name = Assets;
			sourceTree = "<group>";
		};
		8085ECF51EE64BB100EAFCA4 /* Support Files */ = {
			isa = PBXGroup;
			children = (
				8085ECED1EE64AE100EAFCA4 /* Info.plist */,
			);
			name = "Support Files";
			sourceTree = "<group>";
		};
		8085ECF61EE64BC300EAFCA4 /* Classes */ = {
			isa = PBXGroup;
			children = (
				8085ECF91EE6514A00EAFCA4 /* CoreData */,
				8085ECFC1EE6514A00EAFCA4 /* CustomUI */,
				8085ED001EE6514A00EAFCA4 /* Extensions */,
				8085ED021EE6514A00EAFCA4 /* KYDrawerController */,
				80A24ED81EE81030003B9AAF /* TestChatView */,
				8085ED191EE69A8200EAFCA4 /* TestContentWall */,
				8085ED111EE659B600EAFCA4 /* TestDrawer */,
				8085ED1A1EE6A36900EAFCA4 /* TestList */,
				80A24ED91EE81052003B9AAF /* TestLoadJson */,
				8085ED141EE6831200EAFCA4 /* EnterViewController.swift */,
			);
			name = Classes;
			sourceTree = "<group>";
		};
		8085ECF91EE6514A00EAFCA4 /* CoreData */ = {
			isa = PBXGroup;
			children = (
				8085ECFA1EE6514A00EAFCA4 /* CoreDataConnect.swift */,
				8085ECFB1EE6514A00EAFCA4 /* DatabaseController.swift */,
			);
			name = CoreData;
			path = Classes/CoreData;
			sourceTree = "<group>";
		};
		8085ECFC1EE6514A00EAFCA4 /* CustomUI */ = {
			isa = PBXGroup;
			children = (
				8085ECFD1EE6514A00EAFCA4 /* BorderLabel.swift */,
				8085ECFE1EE6514A00EAFCA4 /* BorderView.swift */,
				8085ECFF1EE6514A00EAFCA4 /* FlipImageView.swift */,
			);
			name = CustomUI;
			path = Classes/CustomUI;
			sourceTree = "<group>";
		};
		8085ED001EE6514A00EAFCA4 /* Extensions */ = {
			isa = PBXGroup;
			children = (
				8085ED011EE6514A00EAFCA4 /* UIColorExtension.swift */,
			);
			name = Extensions;
			path = Classes/Extensions;
			sourceTree = "<group>";
		};
		8085ED021EE6514A00EAFCA4 /* KYDrawerController */ = {
			isa = PBXGroup;
			children = (
				8085ED031EE6514A00EAFCA4 /* KYDrawerController.swift */,
				8085ED041EE6514A00EAFCA4 /* KYEmbedDrawerControllerSegue.swift */,
				8085ED051EE6514A00EAFCA4 /* KYEmbedMainControllerSegue.swift */,
			);
			name = KYDrawerController;
			path = Classes/KYDrawerController;
			sourceTree = "<group>";
		};
		8085ED111EE659B600EAFCA4 /* TestDrawer */ = {
			isa = PBXGroup;
			children = (
				8085ED0F1EE659A200EAFCA4 /* TheDrawerViewController.swift */,
				8085ED121EE659E500EAFCA4 /* TheMainViewController.swift */,
			);
			name = TestDrawer;
			sourceTree = "<group>";
		};
		8085ED191EE69A8200EAFCA4 /* TestContentWall */ = {
			isa = PBXGroup;
			children = (
				80A24E5F1EE6A9B7003B9AAF /* ContentWallViewController.swift */,
				80A24E5D1EE6A8F0003B9AAF /* StaggeredGridLayout.swift */,
				80A24E611EE6AD8D003B9AAF /* TestContentDataController.swift */,
				80A24E661EE6B1CC003B9AAF /* ContentCell.swift */,
			);
			name = TestContentWall;
			sourceTree = "<group>";
		};
		8085ED1A1EE6A36900EAFCA4 /* TestList */ = {
			isa = PBXGroup;
			children = (
				8085ED1B1EE6A3C400EAFCA4 /* TestList.swift */,
				80A24E5B1EE6A440003B9AAF /* TestSampleData.swift */,
			);
			name = TestList;
			sourceTree = "<group>";
		};
		80A24ECF1EE80ABC003B9AAF /* iOSPracticeTests */ = {
			isa = PBXGroup;
			children = (
				80A24ED01EE80ABC003B9AAF /* iOSPracticeTests.swift */,
				80A24ED21EE80ABC003B9AAF /* Info.plist */,
			);
			path = iOSPracticeTests;
			sourceTree = "<group>";
		};
		80A24ED81EE81030003B9AAF /* TestChatView */ = {
			isa = PBXGroup;
			children = (
			);
			name = TestChatView;
			sourceTree = "<group>";
		};
		80A24ED91EE81052003B9AAF /* TestLoadJson */ = {
			isa = PBXGroup;
			children = (
			);
			name = TestLoadJson;
			sourceTree = "<group>";
		};
		CB0D05A9A7EEFE9B09A10E5E /* Pods */ = {
			isa = PBXGroup;
			children = (
				C00ADFFAD1AE0C9A4CB134FF /* Pods-iOSPractice.debug.xcconfig */,
				EEA9838E3FA29CF789AB74BA /* Pods-iOSPractice.release.xcconfig */,
				C3E77B851D93C070354F4040 /* Pods-iOSPractice-iOSPracticeTests.debug.xcconfig */,
				EE0179D2EE202540E16B0B52 /* Pods-iOSPractice-iOSPracticeTests.release.xcconfig */,
			);
			name = Pods;
			sourceTree = "<group>";
		};
		DA28430D967D8CCB8172E7E1 /* Frameworks */ = {
			isa = PBXGroup;
			children = (
				04BA9FF63C41EC8C7CBBEF9D /* Pods_iOSPractice.framework */,
				ECBB4AE9C694648426F51E44 /* Pods_iOSPractice_iOSPracticeTests.framework */,
			);
			name = Frameworks;
			sourceTree = "<group>";
		};
/* End PBXGroup section */

/* Begin PBXNativeTarget section */
		8085ECDA1EE64AE100EAFCA4 /* iOSPractice */ = {
			isa = PBXNativeTarget;
			buildConfigurationList = 8085ECF01EE64AE100EAFCA4 /* Build configuration list for PBXNativeTarget "iOSPractice" */;
			buildPhases = (
				141394A3B14E27F2F576FC92 /* [CP] Check Pods Manifest.lock */,
				8085ECD71EE64AE100EAFCA4 /* Sources */,
				8085ECD81EE64AE100EAFCA4 /* Frameworks */,
				8085ECD91EE64AE100EAFCA4 /* Resources */,
				D9BCA2A6B6B9054C754F161C /* [CP] Embed Pods Frameworks */,
				2883E467CD272E38636546F3 /* [CP] Copy Pods Resources */,
			);
			buildRules = (
			);
			dependencies = (
			);
			name = iOSPractice;
			productName = iOSPractice;
			productReference = 8085ECDB1EE64AE100EAFCA4 /* iOSPractice.app */;
			productType = "com.apple.product-type.application";
		};
		80A24ECD1EE80ABC003B9AAF /* iOSPracticeTests */ = {
			isa = PBXNativeTarget;
			buildConfigurationList = 80A24ED71EE80ABC003B9AAF /* Build configuration list for PBXNativeTarget "iOSPracticeTests" */;
			buildPhases = (
				945CC14477471011788E5F94 /* [CP] Check Pods Manifest.lock */,
				80A24ECA1EE80ABC003B9AAF /* Sources */,
				80A24ECB1EE80ABC003B9AAF /* Frameworks */,
				80A24ECC1EE80ABC003B9AAF /* Resources */,
				21D56F839C83FAAFC0C7364B /* [CP] Embed Pods Frameworks */,
				45EE17163D4CD53EBFCCF385 /* [CP] Copy Pods Resources */,
			);
			buildRules = (
			);
			dependencies = (
				80A24ED41EE80ABC003B9AAF /* PBXTargetDependency */,
			);
			name = iOSPracticeTests;
			productName = iOSPracticeTests;
			productReference = 80A24ECE1EE80ABC003B9AAF /* iOSPracticeTests.xctest */;
			productType = "com.apple.product-type.bundle.unit-test";
		};
/* End PBXNativeTarget section */

/* Begin PBXProject section */
		8085ECD31EE64AE100EAFCA4 /* Project object */ = {
			isa = PBXProject;
			attributes = {
				LastSwiftUpdateCheck = 0820;
				LastUpgradeCheck = 0820;
				ORGANIZATIONNAME = honorwealthy;
				TargetAttributes = {
					8085ECDA1EE64AE100EAFCA4 = {
						CreatedOnToolsVersion = 8.2.1;
						DevelopmentTeam = FE7Q7JM4SN;
						ProvisioningStyle = Automatic;
					};
					80A24ECD1EE80ABC003B9AAF = {
						CreatedOnToolsVersion = 8.2.1;
						DevelopmentTeam = FE7Q7JM4SN;
						ProvisioningStyle = Automatic;
						TestTargetID = 8085ECDA1EE64AE100EAFCA4;
					};
				};
			};
			buildConfigurationList = 8085ECD61EE64AE100EAFCA4 /* Build configuration list for PBXProject "iOSPractice" */;
			compatibilityVersion = "Xcode 3.2";
			developmentRegion = English;
			hasScannedForEncodings = 0;
			knownRegions = (
				en,
				Base,
			);
			mainGroup = 8085ECD21EE64AE100EAFCA4;
			productRefGroup = 8085ECDC1EE64AE100EAFCA4 /* Products */;
			projectDirPath = "";
			projectRoot = "";
			targets = (
				8085ECDA1EE64AE100EAFCA4 /* iOSPractice */,
				80A24ECD1EE80ABC003B9AAF /* iOSPracticeTests */,
			);
		};
/* End PBXProject section */

/* Begin PBXResourcesBuildPhase section */
		8085ECD91EE64AE100EAFCA4 /* Resources */ = {
			isa = PBXResourcesBuildPhase;
			buildActionMask = 2147483647;
			files = (
				8085ECEC1EE64AE100EAFCA4 /* LaunchScreen.storyboard in Resources */,
				8085ED181EE6833800EAFCA4 /* NavigatorDrawer.storyboard in Resources */,
				80A24E651EE6B04F003B9AAF /* ContentWall.storyboard in Resources */,
				8085ECE91EE64AE100EAFCA4 /* Assets.xcassets in Resources */,
				8085ECE41EE64AE100EAFCA4 /* Main.storyboard in Resources */,
			);
			runOnlyForDeploymentPostprocessing = 0;
		};
		80A24ECC1EE80ABC003B9AAF /* Resources */ = {
			isa = PBXResourcesBuildPhase;
			buildActionMask = 2147483647;
			files = (
			);
			runOnlyForDeploymentPostprocessing = 0;
		};
/* End PBXResourcesBuildPhase section */

/* Begin PBXShellScriptBuildPhase section */
		141394A3B14E27F2F576FC92 /* [CP] Check Pods Manifest.lock */ = {
			isa = PBXShellScriptBuildPhase;
			buildActionMask = 2147483647;
			files = (
			);
			inputPaths = (
			);
			name = "[CP] Check Pods Manifest.lock";
			outputPaths = (
			);
			runOnlyForDeploymentPostprocessing = 0;
			shellPath = /bin/sh;
			shellScript = "diff \"${PODS_ROOT}/../Podfile.lock\" \"${PODS_ROOT}/Manifest.lock\" > /dev/null\nif [[ $? != 0 ]] ; then\n    cat << EOM\nerror: The sandbox is not in sync with the Podfile.lock. Run 'pod install' or update your CocoaPods installation.\nEOM\n    exit 1\nfi\n";
			showEnvVarsInLog = 0;
		};
		21D56F839C83FAAFC0C7364B /* [CP] Embed Pods Frameworks */ = {
			isa = PBXShellScriptBuildPhase;
			buildActionMask = 2147483647;
			files = (
			);
			inputPaths = (
			);
			name = "[CP] Embed Pods Frameworks";
			outputPaths = (
			);
			runOnlyForDeploymentPostprocessing = 0;
			shellPath = /bin/sh;
			shellScript = "\"${SRCROOT}/Pods/Target Support Files/Pods-iOSPractice-iOSPracticeTests/Pods-iOSPractice-iOSPracticeTests-frameworks.sh\"\n";
			showEnvVarsInLog = 0;
		};
		2883E467CD272E38636546F3 /* [CP] Copy Pods Resources */ = {
			isa = PBXShellScriptBuildPhase;
			buildActionMask = 2147483647;
			files = (
			);
			inputPaths = (
			);
			name = "[CP] Copy Pods Resources";
			outputPaths = (
			);
			runOnlyForDeploymentPostprocessing = 0;
			shellPath = /bin/sh;
			shellScript = "\"${SRCROOT}/Pods/Target Support Files/Pods-iOSPractice/Pods-iOSPractice-resources.sh\"\n";
			showEnvVarsInLog = 0;
		};
		45EE17163D4CD53EBFCCF385 /* [CP] Copy Pods Resources */ = {
			isa = PBXShellScriptBuildPhase;
			buildActionMask = 2147483647;
			files = (
			);
			inputPaths = (
			);
			name = "[CP] Copy Pods Resources";
			outputPaths = (
			);
			runOnlyForDeploymentPostprocessing = 0;
			shellPath = /bin/sh;
			shellScript = "\"${SRCROOT}/Pods/Target Support Files/Pods-iOSPractice-iOSPracticeTests/Pods-iOSPractice-iOSPracticeTests-resources.sh\"\n";
			showEnvVarsInLog = 0;
		};
		945CC14477471011788E5F94 /* [CP] Check Pods Manifest.lock */ = {
			isa = PBXShellScriptBuildPhase;
			buildActionMask = 2147483647;
			files = (
			);
			inputPaths = (
			);
			name = "[CP] Check Pods Manifest.lock";
			outputPaths = (
			);
			runOnlyForDeploymentPostprocessing = 0;
			shellPath = /bin/sh;
			shellScript = "diff \"${PODS_ROOT}/../Podfile.lock\" \"${PODS_ROOT}/Manifest.lock\" > /dev/null\nif [[ $? != 0 ]] ; then\n    cat << EOM\nerror: The sandbox is not in sync with the Podfile.lock. Run 'pod install' or update your CocoaPods installation.\nEOM\n    exit 1\nfi\n";
			showEnvVarsInLog = 0;
		};
		D9BCA2A6B6B9054C754F161C /* [CP] Embed Pods Frameworks */ = {
			isa = PBXShellScriptBuildPhase;
			buildActionMask = 2147483647;
			files = (
			);
			inputPaths = (
			);
			name = "[CP] Embed Pods Frameworks";
			outputPaths = (
			);
			runOnlyForDeploymentPostprocessing = 0;
			shellPath = /bin/sh;
			shellScript = "\"${SRCROOT}/Pods/Target Support Files/Pods-iOSPractice/Pods-iOSPractice-frameworks.sh\"\n";
			showEnvVarsInLog = 0;
		};
/* End PBXShellScriptBuildPhase section */

/* Begin PBXSourcesBuildPhase section */
		8085ECD71EE64AE100EAFCA4 /* Sources */ = {
			isa = PBXSourcesBuildPhase;
			buildActionMask = 2147483647;
			files = (
				8085ED071EE6514A00EAFCA4 /* DatabaseController.swift in Sources */,
				8085ED151EE6831200EAFCA4 /* EnterViewController.swift in Sources */,
				8085ED061EE6514A00EAFCA4 /* CoreDataConnect.swift in Sources */,
				8085ECE71EE64AE100EAFCA4 /* iOSPractice.xcdatamodeld in Sources */,
				80A24E601EE6A9B7003B9AAF /* ContentWallViewController.swift in Sources */,
				8085ED0C1EE6514A00EAFCA4 /* KYDrawerController.swift in Sources */,
				8085ED081EE6514A00EAFCA4 /* BorderLabel.swift in Sources */,
				80A24E671EE6B1CC003B9AAF /* ContentCell.swift in Sources */,
				8085ED0D1EE6514A00EAFCA4 /* KYEmbedDrawerControllerSegue.swift in Sources */,
				8085ED131EE659E500EAFCA4 /* TheMainViewController.swift in Sources */,
				8085ED0B1EE6514A00EAFCA4 /* UIColorExtension.swift in Sources */,
				8085ED1C1EE6A3C400EAFCA4 /* TestList.swift in Sources */,
				8085ED0E1EE6514A00EAFCA4 /* KYEmbedMainControllerSegue.swift in Sources */,
				80A24E5C1EE6A440003B9AAF /* TestSampleData.swift in Sources */,
				8085ECDF1EE64AE100EAFCA4 /* AppDelegate.swift in Sources */,
				8085ED101EE659A200EAFCA4 /* TheDrawerViewController.swift in Sources */,
				8085ED091EE6514A00EAFCA4 /* BorderView.swift in Sources */,
				80A24E621EE6AD8D003B9AAF /* TestContentDataController.swift in Sources */,
				8085ED0A1EE6514A00EAFCA4 /* FlipImageView.swift in Sources */,
				80A24E5E1EE6A8F0003B9AAF /* StaggeredGridLayout.swift in Sources */,
			);
			runOnlyForDeploymentPostprocessing = 0;
		};
		80A24ECA1EE80ABC003B9AAF /* Sources */ = {
			isa = PBXSourcesBuildPhase;
			buildActionMask = 2147483647;
			files = (
				80A24ED11EE80ABC003B9AAF /* iOSPracticeTests.swift in Sources */,
			);
			runOnlyForDeploymentPostprocessing = 0;
		};
/* End PBXSourcesBuildPhase section */

/* Begin PBXTargetDependency section */
		80A24ED41EE80ABC003B9AAF /* PBXTargetDependency */ = {
			isa = PBXTargetDependency;
			target = 8085ECDA1EE64AE100EAFCA4 /* iOSPractice */;
			targetProxy = 80A24ED31EE80ABC003B9AAF /* PBXContainerItemProxy */;
		};
/* End PBXTargetDependency section */

/* Begin PBXVariantGroup section */
		8085ECE21EE64AE100EAFCA4 /* Main.storyboard */ = {
			isa = PBXVariantGroup;
			children = (
				8085ECE31EE64AE100EAFCA4 /* Base */,
			);
			name = Main.storyboard;
			sourceTree = "<group>";
		};
		8085ECEA1EE64AE100EAFCA4 /* LaunchScreen.storyboard */ = {
			isa = PBXVariantGroup;
			children = (
				8085ECEB1EE64AE100EAFCA4 /* Base */,
			);
			name = LaunchScreen.storyboard;
			sourceTree = "<group>";
		};
		8085ED161EE6833800EAFCA4 /* NavigatorDrawer.storyboard */ = {
			isa = PBXVariantGroup;
			children = (
				8085ED171EE6833800EAFCA4 /* Base */,
			);
			name = NavigatorDrawer.storyboard;
			sourceTree = "<group>";
		};
		80A24E631EE6B04F003B9AAF /* ContentWall.storyboard */ = {
			isa = PBXVariantGroup;
			children = (
				80A24E641EE6B04F003B9AAF /* Base */,
			);
			name = ContentWall.storyboard;
			sourceTree = "<group>";
		};
/* End PBXVariantGroup section */

/* Begin XCBuildConfiguration section */
		8085ECEE1EE64AE100EAFCA4 /* Debug */ = {
			isa = XCBuildConfiguration;
			buildSettings = {
				ALWAYS_SEARCH_USER_PATHS = NO;
				CLANG_ANALYZER_NONNULL = YES;
				CLANG_CXX_LANGUAGE_STANDARD = "gnu++0x";
				CLANG_CXX_LIBRARY = "libc++";
				CLANG_ENABLE_MODULES = YES;
				CLANG_ENABLE_OBJC_ARC = YES;
				CLANG_WARN_BOOL_CONVERSION = YES;
				CLANG_WARN_CONSTANT_CONVERSION = YES;
				CLANG_WARN_DIRECT_OBJC_ISA_USAGE = YES_ERROR;
				CLANG_WARN_DOCUMENTATION_COMMENTS = YES;
				CLANG_WARN_EMPTY_BODY = YES;
				CLANG_WARN_ENUM_CONVERSION = YES;
				CLANG_WARN_INFINITE_RECURSION = YES;
				CLANG_WARN_INT_CONVERSION = YES;
				CLANG_WARN_OBJC_ROOT_CLASS = YES_ERROR;
				CLANG_WARN_SUSPICIOUS_MOVE = YES;
				CLANG_WARN_UNREACHABLE_CODE = YES;
				CLANG_WARN__DUPLICATE_METHOD_MATCH = YES;
				"CODE_SIGN_IDENTITY[sdk=iphoneos*]" = "iPhone Developer";
				COPY_PHASE_STRIP = NO;
				DEBUG_INFORMATION_FORMAT = dwarf;
				ENABLE_STRICT_OBJC_MSGSEND = YES;
				ENABLE_TESTABILITY = YES;
				GCC_C_LANGUAGE_STANDARD = gnu99;
				GCC_DYNAMIC_NO_PIC = NO;
				GCC_NO_COMMON_BLOCKS = YES;
				GCC_OPTIMIZATION_LEVEL = 0;
				GCC_PREPROCESSOR_DEFINITIONS = (
					"DEBUG=1",
					"$(inherited)",
				);
				GCC_WARN_64_TO_32_BIT_CONVERSION = YES;
				GCC_WARN_ABOUT_RETURN_TYPE = YES_ERROR;
				GCC_WARN_UNDECLARED_SELECTOR = YES;
				GCC_WARN_UNINITIALIZED_AUTOS = YES_AGGRESSIVE;
				GCC_WARN_UNUSED_FUNCTION = YES;
				GCC_WARN_UNUSED_VARIABLE = YES;
				IPHONEOS_DEPLOYMENT_TARGET = 10.2;
				MTL_ENABLE_DEBUG_INFO = YES;
				ONLY_ACTIVE_ARCH = YES;
				SDKROOT = iphoneos;
				SWIFT_ACTIVE_COMPILATION_CONDITIONS = DEBUG;
				SWIFT_OPTIMIZATION_LEVEL = "-Onone";
			};
			name = Debug;
		};
		8085ECEF1EE64AE100EAFCA4 /* Release */ = {
			isa = XCBuildConfiguration;
			buildSettings = {
				ALWAYS_SEARCH_USER_PATHS = NO;
				CLANG_ANALYZER_NONNULL = YES;
				CLANG_CXX_LANGUAGE_STANDARD = "gnu++0x";
				CLANG_CXX_LIBRARY = "libc++";
				CLANG_ENABLE_MODULES = YES;
				CLANG_ENABLE_OBJC_ARC = YES;
				CLANG_WARN_BOOL_CONVERSION = YES;
				CLANG_WARN_CONSTANT_CONVERSION = YES;
				CLANG_WARN_DIRECT_OBJC_ISA_USAGE = YES_ERROR;
				CLANG_WARN_DOCUMENTATION_COMMENTS = YES;
				CLANG_WARN_EMPTY_BODY = YES;
				CLANG_WARN_ENUM_CONVERSION = YES;
				CLANG_WARN_INFINITE_RECURSION = YES;
				CLANG_WARN_INT_CONVERSION = YES;
				CLANG_WARN_OBJC_ROOT_CLASS = YES_ERROR;
				CLANG_WARN_SUSPICIOUS_MOVE = YES;
				CLANG_WARN_UNREACHABLE_CODE = YES;
				CLANG_WARN__DUPLICATE_METHOD_MATCH = YES;
				"CODE_SIGN_IDENTITY[sdk=iphoneos*]" = "iPhone Developer";
				COPY_PHASE_STRIP = NO;
				DEBUG_INFORMATION_FORMAT = "dwarf-with-dsym";
				ENABLE_NS_ASSERTIONS = NO;
				ENABLE_STRICT_OBJC_MSGSEND = YES;
				GCC_C_LANGUAGE_STANDARD = gnu99;
				GCC_NO_COMMON_BLOCKS = YES;
				GCC_WARN_64_TO_32_BIT_CONVERSION = YES;
				GCC_WARN_ABOUT_RETURN_TYPE = YES_ERROR;
				GCC_WARN_UNDECLARED_SELECTOR = YES;
				GCC_WARN_UNINITIALIZED_AUTOS = YES_AGGRESSIVE;
				GCC_WARN_UNUSED_FUNCTION = YES;
				GCC_WARN_UNUSED_VARIABLE = YES;
				IPHONEOS_DEPLOYMENT_TARGET = 10.2;
				MTL_ENABLE_DEBUG_INFO = NO;
				SDKROOT = iphoneos;
				SWIFT_OPTIMIZATION_LEVEL = "-Owholemodule";
				VALIDATE_PRODUCT = YES;
			};
			name = Release;
		};
		8085ECF11EE64AE100EAFCA4 /* Debug */ = {
			isa = XCBuildConfiguration;
			baseConfigurationReference = C00ADFFAD1AE0C9A4CB134FF /* Pods-iOSPractice.debug.xcconfig */;
			buildSettings = {
				ASSETCATALOG_COMPILER_APPICON_NAME = AppIcon;
				DEVELOPMENT_TEAM = FE7Q7JM4SN;
				INFOPLIST_FILE = iOSPractice/Info.plist;
				IPHONEOS_DEPLOYMENT_TARGET = 8.0;
				LD_RUNPATH_SEARCH_PATHS = "$(inherited) @executable_path/Frameworks";
				PRODUCT_BUNDLE_IDENTIFIER = honorwealthy.iOSPractice;
				PRODUCT_NAME = "$(TARGET_NAME)";
				SWIFT_VERSION = 3.0;
			};
			name = Debug;
		};
		8085ECF21EE64AE100EAFCA4 /* Release */ = {
			isa = XCBuildConfiguration;
			baseConfigurationReference = EEA9838E3FA29CF789AB74BA /* Pods-iOSPractice.release.xcconfig */;
			buildSettings = {
				ASSETCATALOG_COMPILER_APPICON_NAME = AppIcon;
				DEVELOPMENT_TEAM = FE7Q7JM4SN;
				INFOPLIST_FILE = iOSPractice/Info.plist;
				IPHONEOS_DEPLOYMENT_TARGET = 8.0;
				LD_RUNPATH_SEARCH_PATHS = "$(inherited) @executable_path/Frameworks";
				PRODUCT_BUNDLE_IDENTIFIER = honorwealthy.iOSPractice;
				PRODUCT_NAME = "$(TARGET_NAME)";
				SWIFT_VERSION = 3.0;
			};
			name = Release;
		};
		80A24ED51EE80ABC003B9AAF /* Debug */ = {
			isa = XCBuildConfiguration;
			baseConfigurationReference = C3E77B851D93C070354F4040 /* Pods-iOSPractice-iOSPracticeTests.debug.xcconfig */;
			buildSettings = {
				BUNDLE_LOADER = "$(TEST_HOST)";
				DEVELOPMENT_TEAM = FE7Q7JM4SN;
				INFOPLIST_FILE = iOSPracticeTests/Info.plist;
				LD_RUNPATH_SEARCH_PATHS = "$(inherited) @executable_path/Frameworks @loader_path/Frameworks";
				PRODUCT_BUNDLE_IDENTIFIER = honorwealthy.iOSPracticeTests;
				PRODUCT_NAME = "$(TARGET_NAME)";
				SWIFT_VERSION = 3.0;
				TEST_HOST = "$(BUILT_PRODUCTS_DIR)/iOSPractice.app/iOSPractice";
			};
			name = Debug;
		};
		80A24ED61EE80ABC003B9AAF /* Release */ = {
			isa = XCBuildConfiguration;
			baseConfigurationReference = EE0179D2EE202540E16B0B52 /* Pods-iOSPractice-iOSPracticeTests.release.xcconfig */;
			buildSettings = {
				BUNDLE_LOADER = "$(TEST_HOST)";
				DEVELOPMENT_TEAM = FE7Q7JM4SN;
				INFOPLIST_FILE = iOSPracticeTests/Info.plist;
				LD_RUNPATH_SEARCH_PATHS = "$(inherited) @executable_path/Frameworks @loader_path/Frameworks";
				PRODUCT_BUNDLE_IDENTIFIER = honorwealthy.iOSPracticeTests;
				PRODUCT_NAME = "$(TARGET_NAME)";
				SWIFT_VERSION = 3.0;
				TEST_HOST = "$(BUILT_PRODUCTS_DIR)/iOSPractice.app/iOSPractice";
			};
			name = Release;
		};
/* End XCBuildConfiguration section */

/* Begin XCConfigurationList section */
		8085ECD61EE64AE100EAFCA4 /* Build configuration list for PBXProject "iOSPractice" */ = {
			isa = XCConfigurationList;
			buildConfigurations = (
				8085ECEE1EE64AE100EAFCA4 /* Debug */,
				8085ECEF1EE64AE100EAFCA4 /* Release */,
			);
			defaultConfigurationIsVisible = 0;
			defaultConfigurationName = Release;
		};
		8085ECF01EE64AE100EAFCA4 /* Build configuration list for PBXNativeTarget "iOSPractice" */ = {
			isa = XCConfigurationList;
			buildConfigurations = (
				8085ECF11EE64AE100EAFCA4 /* Debug */,
				8085ECF21EE64AE100EAFCA4 /* Release */,
			);
			defaultConfigurationIsVisible = 0;
			defaultConfigurationName = Release;
		};
		80A24ED71EE80ABC003B9AAF /* Build configuration list for PBXNativeTarget "iOSPracticeTests" */ = {
			isa = XCConfigurationList;
			buildConfigurations = (
				80A24ED51EE80ABC003B9AAF /* Debug */,
				80A24ED61EE80ABC003B9AAF /* Release */,
			);
			defaultConfigurationIsVisible = 0;
			defaultConfigurationName = Release;
		};
/* End XCConfigurationList section */

/* Begin XCVersionGroup section */
		8085ECE51EE64AE100EAFCA4 /* iOSPractice.xcdatamodeld */ = {
			isa = XCVersionGroup;
			children = (
				8085ECE61EE64AE100EAFCA4 /* iOSPractice.xcdatamodel */,
			);
			currentVersion = 8085ECE61EE64AE100EAFCA4 /* iOSPractice.xcdatamodel */;
			path = iOSPractice.xcdatamodeld;
			sourceTree = "<group>";
			versionGroupType = wrapper.xcdatamodel;
		};
/* End XCVersionGroup section */
	};
	rootObject = 8085ECD31EE64AE100EAFCA4 /* Project object */;
}
